
Microsoft Visual Studio Solution File, Format Version 12.00
# Visual Studio Version 17
VisualStudioVersion = 17.5.002.0
MinimumVisualStudioVersion = 10.0.40219.1
Project("{9A19103F-16F7-4668-BE54-9A1E7A4F7556}") = "SigmyzeServer", "SigmyzeServer.csproj", "{4959FF15-C6A3-492C-9FE4-74CE2A91BB98}"
EndProject
Global
	GlobalSection(SolutionConfigurationPlatforms) = preSolution
		Debug|Any CPU = Debug|Any CPU
		Release|Any CPU = Release|Any CPU
	EndGlobalSection
	GlobalSection(ProjectConfigurationPlatforms) = postSolution
		{4959FF15-C6A3-492C-9FE4-74CE2A91BB98}.Debug|Any CPU.ActiveCfg = Debug|Any CPU
		{4959FF15-C6A3-492C-9FE4-74CE2A91BB98}.Debug|Any CPU.Build.0 = Debug|Any CPU
		{4959FF15-C6A3-492C-9FE4-74CE2A91BB98}.Release|Any CPU.ActiveCfg = Release|Any CPU
		{4959FF15-C6A3-492C-9FE4-74CE2A91BB98}.Release|Any CPU.Build.0 = Release|Any CPU
	EndGlobalSection
	GlobalSection(SolutionProperties) = preSolution
		HideSolutionNode = FALSE
	EndGlobalSection
	GlobalSection(ExtensibilityGlobals) = postSolution
		SolutionGuid = {6835B719-8CE7-4BEA-A3ED-9733B04454F3}
	EndGlobalSection
EndGlobal
